
Microsoft Visual Studio Solution File, Format Version 12.00
# Visual Studio Version 17
VisualStudioVersion = 17.9.34728.123
MinimumVisualStudioVersion = 10.0.40219.1
Project("{9A19103F-16F7-4668-BE54-9A1E7A4F7556}") = "Nexa.Accounting.Domain", "src\Modules\Accoounting\Nexa.Accounting.Domain\Nexa.Accounting.Domain.csproj", "{AD7FC163-CD66-49CB-A56B-D211B64B7572}"
EndProject
Project("{9A19103F-16F7-4668-BE54-9A1E7A4F7556}") = "Nexa.BuildingBlocks.Domain", "src\Libraries\Nexa.BuildingBlocks.Domain\Nexa.BuildingBlocks.Domain.csproj", "{251A4DAA-22F0-44D4-8B9B-445A9EB97110}"
EndProject
Project("{2150E333-8FDC-42A3-9474-1A3956D46DE8}") = "Libraries", "Libraries", "{DEBF4F5C-BB40-4703-9A35-A86BAB318F48}"
EndProject
Project("{2150E333-8FDC-42A3-9474-1A3956D46DE8}") = "Modules", "Modules", "{4EEF29AB-B9FB-4595-9D0E-473265C15F51}"
EndProject
Project("{2150E333-8FDC-42A3-9474-1A3956D46DE8}") = "Accounting", "Accounting", "{D36F3B52-E4B5-485F-90CC-2CA29A128FEC}"
EndProject
Project("{9A19103F-16F7-4668-BE54-9A1E7A4F7556}") = "Nexa.BuildingBlocks.Application", "src\Libraries\Nexa.BuildingBlocks.Application\Nexa.BuildingBlocks.Application.csproj", "{035C3783-D86A-4F4F-A4B4-AFB3AE211867}"
EndProject
Project("{9A19103F-16F7-4668-BE54-9A1E7A4F7556}") = "Vogel.BuildingBlocks.EntityFramework", "src\Libraries\Vogel.BuildingBlocks.EntityFramework\Vogel.BuildingBlocks.EntityFramework.csproj", "{0E9AC33E-C046-49F0-A97C-F88CD55E64C8}"
EndProject
Project("{9A19103F-16F7-4668-BE54-9A1E7A4F7556}") = "Nexa.Accounting.Infrastructure", "src\Modules\Accoounting\Nexa.Accounting.Infrastructure\Nexa.Accounting.Infrastructure.csproj", "{C18AFD2A-72B1-452E-9168-D916BFCEA345}"
EndProject
Project("{9A19103F-16F7-4668-BE54-9A1E7A4F7556}") = "Nexa.Accounting.Application", "src\Modules\Accoounting\Nexa.Accounting.Application\Nexa.Accounting.Application.csproj", "{BA63A9E6-1998-4538-9009-40F9D2459098}"
EndProject
Project("{9A19103F-16F7-4668-BE54-9A1E7A4F7556}") = "Nexa.BuildingBlocks.Infrastructure", "src\Libraries\Nexa.BuildingBlocks.Infrastructure\Nexa.BuildingBlocks.Infrastructure.csproj", "{E0A87C0F-CB5B-4B04-93BA-EC82CE87EBBC}"
EndProject
Project("{2150E333-8FDC-42A3-9474-1A3956D46DE8}") = "src", "src", "{2030EAB6-A932-4DBA-A14A-7EAE825E0E33}"
EndProject
Project("{2150E333-8FDC-42A3-9474-1A3956D46DE8}") = "tests", "tests", "{4601D309-85B6-4C40-B509-2D97D73A2FCD}"
EndProject
Project("{9A19103F-16F7-4668-BE54-9A1E7A4F7556}") = "Nexa.Application.Tests", "tests\Nexa.Application.Tests\Nexa.Application.Tests.csproj", "{D1247CB6-4E33-456B-B4C4-16614161B631}"
EndProject
Project("{2150E333-8FDC-42A3-9474-1A3956D46DE8}") = "Modules", "Modules", "{238191CF-DF41-44D5-A824-70EF58D03A27}"
EndProject
Project("{2150E333-8FDC-42A3-9474-1A3956D46DE8}") = "Accounting", "Accounting", "{10976AF3-C84D-44CB-A980-E74E3EEA9420}"
EndProject
Project("{9A19103F-16F7-4668-BE54-9A1E7A4F7556}") = "Nexa.Accounting.Application.Tests", "tests\Modules\Accounting\Nexa.Accounting.Application.Tests\Nexa.Accounting.Application.Tests.csproj", "{0D895251-67BA-42EE-830C-BEA9A1071A4F}"
EndProject
Project("{2150E333-8FDC-42A3-9474-1A3956D46DE8}") = "CustomerManagement", "CustomerManagement", "{8D348BF8-0764-4194-A3A5-335FE82C62DF}"
EndProject
Project("{9A19103F-16F7-4668-BE54-9A1E7A4F7556}") = "Nexa.CustomerManagement.Domain", "src\Modules\CustomerManagement\Nexa.CustomerManagement.Domain\Nexa.CustomerManagement.Domain.csproj", "{B1D3E642-C93B-49C3-810B-4C381900FDCD}"
EndProject
Project("{9A19103F-16F7-4668-BE54-9A1E7A4F7556}") = "Nexa.CustomerManagement.Application", "src\Modules\CustomerManagement\Nexa.CustomerManagement.Application\Nexa.CustomerManagement.Application.csproj", "{CE0A1677-BAA3-4643-90B5-722ABC7A6732}"
EndProject
Project("{9A19103F-16F7-4668-BE54-9A1E7A4F7556}") = "Nexa.CustomerManagement.Infrastructure", "src\Modules\CustomerManagement\Nex.CustomerManagement.Infrastructure\Nexa.CustomerManagement.Infrastructure.csproj", "{B681361A-F83F-4169-9503-4954601DB076}"
EndProject
Project("{2150E333-8FDC-42A3-9474-1A3956D46DE8}") = "CustomerManagement", "CustomerManagement", "{E563F3D0-46D5-4119-AEB9-F2C720567835}"
EndProject
Project("{FAE04EC0-301F-11D3-BF4B-00C04F79EFBC}") = "Nexa.CustomerManagement.Application.Tests", "tests\Modules\CustomerManagement\Nexa.CustomerManagement.Application.Tests\Nexa.CustomerManagement.Application.Tests.csproj", "{146AEF7F-5E75-400B-BD35-B149D32A84D7}"
EndProject
Global
	GlobalSection(SolutionConfigurationPlatforms) = preSolution
		Debug|Any CPU = Debug|Any CPU
		Release|Any CPU = Release|Any CPU
	EndGlobalSection
	GlobalSection(ProjectConfigurationPlatforms) = postSolution
		{AD7FC163-CD66-49CB-A56B-D211B64B7572}.Debug|Any CPU.ActiveCfg = Debug|Any CPU
		{AD7FC163-CD66-49CB-A56B-D211B64B7572}.Debug|Any CPU.Build.0 = Debug|Any CPU
		{AD7FC163-CD66-49CB-A56B-D211B64B7572}.Release|Any CPU.ActiveCfg = Release|Any CPU
		{AD7FC163-CD66-49CB-A56B-D211B64B7572}.Release|Any CPU.Build.0 = Release|Any CPU
		{251A4DAA-22F0-44D4-8B9B-445A9EB97110}.Debug|Any CPU.ActiveCfg = Debug|Any CPU
		{251A4DAA-22F0-44D4-8B9B-445A9EB97110}.Debug|Any CPU.Build.0 = Debug|Any CPU
		{251A4DAA-22F0-44D4-8B9B-445A9EB97110}.Release|Any CPU.ActiveCfg = Release|Any CPU
		{251A4DAA-22F0-44D4-8B9B-445A9EB97110}.Release|Any CPU.Build.0 = Release|Any CPU
		{035C3783-D86A-4F4F-A4B4-AFB3AE211867}.Debug|Any CPU.ActiveCfg = Debug|Any CPU
		{035C3783-D86A-4F4F-A4B4-AFB3AE211867}.Debug|Any CPU.Build.0 = Debug|Any CPU
		{035C3783-D86A-4F4F-A4B4-AFB3AE211867}.Release|Any CPU.ActiveCfg = Release|Any CPU
		{035C3783-D86A-4F4F-A4B4-AFB3AE211867}.Release|Any CPU.Build.0 = Release|Any CPU
		{0E9AC33E-C046-49F0-A97C-F88CD55E64C8}.Debug|Any CPU.ActiveCfg = Debug|Any CPU
		{0E9AC33E-C046-49F0-A97C-F88CD55E64C8}.Debug|Any CPU.Build.0 = Debug|Any CPU
		{0E9AC33E-C046-49F0-A97C-F88CD55E64C8}.Release|Any CPU.ActiveCfg = Release|Any CPU
		{0E9AC33E-C046-49F0-A97C-F88CD55E64C8}.Release|Any CPU.Build.0 = Release|Any CPU
		{C18AFD2A-72B1-452E-9168-D916BFCEA345}.Debug|Any CPU.ActiveCfg = Debug|Any CPU
		{C18AFD2A-72B1-452E-9168-D916BFCEA345}.Debug|Any CPU.Build.0 = Debug|Any CPU
		{C18AFD2A-72B1-452E-9168-D916BFCEA345}.Release|Any CPU.ActiveCfg = Release|Any CPU
		{C18AFD2A-72B1-452E-9168-D916BFCEA345}.Release|Any CPU.Build.0 = Release|Any CPU
		{BA63A9E6-1998-4538-9009-40F9D2459098}.Debug|Any CPU.ActiveCfg = Debug|Any CPU
		{BA63A9E6-1998-4538-9009-40F9D2459098}.Debug|Any CPU.Build.0 = Debug|Any CPU
		{BA63A9E6-1998-4538-9009-40F9D2459098}.Release|Any CPU.ActiveCfg = Release|Any CPU
		{BA63A9E6-1998-4538-9009-40F9D2459098}.Release|Any CPU.Build.0 = Release|Any CPU
		{E0A87C0F-CB5B-4B04-93BA-EC82CE87EBBC}.Debug|Any CPU.ActiveCfg = Debug|Any CPU
		{E0A87C0F-CB5B-4B04-93BA-EC82CE87EBBC}.Debug|Any CPU.Build.0 = Debug|Any CPU
		{E0A87C0F-CB5B-4B04-93BA-EC82CE87EBBC}.Release|Any CPU.ActiveCfg = Release|Any CPU
		{E0A87C0F-CB5B-4B04-93BA-EC82CE87EBBC}.Release|Any CPU.Build.0 = Release|Any CPU
		{D1247CB6-4E33-456B-B4C4-16614161B631}.Debug|Any CPU.ActiveCfg = Debug|Any CPU
		{D1247CB6-4E33-456B-B4C4-16614161B631}.Debug|Any CPU.Build.0 = Debug|Any CPU
		{D1247CB6-4E33-456B-B4C4-16614161B631}.Release|Any CPU.ActiveCfg = Release|Any CPU
		{D1247CB6-4E33-456B-B4C4-16614161B631}.Release|Any CPU.Build.0 = Release|Any CPU
		{0D895251-67BA-42EE-830C-BEA9A1071A4F}.Debug|Any CPU.ActiveCfg = Debug|Any CPU
		{0D895251-67BA-42EE-830C-BEA9A1071A4F}.Debug|Any CPU.Build.0 = Debug|Any CPU
		{0D895251-67BA-42EE-830C-BEA9A1071A4F}.Release|Any CPU.ActiveCfg = Release|Any CPU
		{0D895251-67BA-42EE-830C-BEA9A1071A4F}.Release|Any CPU.Build.0 = Release|Any CPU
		{B1D3E642-C93B-49C3-810B-4C381900FDCD}.Debug|Any CPU.ActiveCfg = Debug|Any CPU
		{B1D3E642-C93B-49C3-810B-4C381900FDCD}.Debug|Any CPU.Build.0 = Debug|Any CPU
		{B1D3E642-C93B-49C3-810B-4C381900FDCD}.Release|Any CPU.ActiveCfg = Release|Any CPU
		{B1D3E642-C93B-49C3-810B-4C381900FDCD}.Release|Any CPU.Build.0 = Release|Any CPU
		{CE0A1677-BAA3-4643-90B5-722ABC7A6732}.Debug|Any CPU.ActiveCfg = Debug|Any CPU
		{CE0A1677-BAA3-4643-90B5-722ABC7A6732}.Debug|Any CPU.Build.0 = Debug|Any CPU
		{CE0A1677-BAA3-4643-90B5-722ABC7A6732}.Release|Any CPU.ActiveCfg = Release|Any CPU
		{CE0A1677-BAA3-4643-90B5-722ABC7A6732}.Release|Any CPU.Build.0 = Release|Any CPU
		{B681361A-F83F-4169-9503-4954601DB076}.Debug|Any CPU.ActiveCfg = Debug|Any CPU
		{B681361A-F83F-4169-9503-4954601DB076}.Debug|Any CPU.Build.0 = Debug|Any CPU
		{B681361A-F83F-4169-9503-4954601DB076}.Release|Any CPU.ActiveCfg = Release|Any CPU
		{B681361A-F83F-4169-9503-4954601DB076}.Release|Any CPU.Build.0 = Release|Any CPU
		{146AEF7F-5E75-400B-BD35-B149D32A84D7}.Debug|Any CPU.ActiveCfg = Debug|Any CPU
		{146AEF7F-5E75-400B-BD35-B149D32A84D7}.Debug|Any CPU.Build.0 = Debug|Any CPU
		{146AEF7F-5E75-400B-BD35-B149D32A84D7}.Release|Any CPU.ActiveCfg = Release|Any CPU
		{146AEF7F-5E75-400B-BD35-B149D32A84D7}.Release|Any CPU.Build.0 = Release|Any CPU
	EndGlobalSection
	GlobalSection(SolutionProperties) = preSolution
		HideSolutionNode = FALSE
	EndGlobalSection
	GlobalSection(NestedProjects) = preSolution
		{AD7FC163-CD66-49CB-A56B-D211B64B7572} = {D36F3B52-E4B5-485F-90CC-2CA29A128FEC}
		{251A4DAA-22F0-44D4-8B9B-445A9EB97110} = {DEBF4F5C-BB40-4703-9A35-A86BAB318F48}
		{DEBF4F5C-BB40-4703-9A35-A86BAB318F48} = {2030EAB6-A932-4DBA-A14A-7EAE825E0E33}
		{4EEF29AB-B9FB-4595-9D0E-473265C15F51} = {2030EAB6-A932-4DBA-A14A-7EAE825E0E33}
		{D36F3B52-E4B5-485F-90CC-2CA29A128FEC} = {4EEF29AB-B9FB-4595-9D0E-473265C15F51}
		{035C3783-D86A-4F4F-A4B4-AFB3AE211867} = {DEBF4F5C-BB40-4703-9A35-A86BAB318F48}
		{0E9AC33E-C046-49F0-A97C-F88CD55E64C8} = {DEBF4F5C-BB40-4703-9A35-A86BAB318F48}
		{C18AFD2A-72B1-452E-9168-D916BFCEA345} = {D36F3B52-E4B5-485F-90CC-2CA29A128FEC}
		{BA63A9E6-1998-4538-9009-40F9D2459098} = {D36F3B52-E4B5-485F-90CC-2CA29A128FEC}
		{E0A87C0F-CB5B-4B04-93BA-EC82CE87EBBC} = {DEBF4F5C-BB40-4703-9A35-A86BAB318F48}
		{D1247CB6-4E33-456B-B4C4-16614161B631} = {4601D309-85B6-4C40-B509-2D97D73A2FCD}
		{238191CF-DF41-44D5-A824-70EF58D03A27} = {4601D309-85B6-4C40-B509-2D97D73A2FCD}
		{10976AF3-C84D-44CB-A980-E74E3EEA9420} = {238191CF-DF41-44D5-A824-70EF58D03A27}
		{0D895251-67BA-42EE-830C-BEA9A1071A4F} = {10976AF3-C84D-44CB-A980-E74E3EEA9420}
		{8D348BF8-0764-4194-A3A5-335FE82C62DF} = {4EEF29AB-B9FB-4595-9D0E-473265C15F51}
		{B1D3E642-C93B-49C3-810B-4C381900FDCD} = {8D348BF8-0764-4194-A3A5-335FE82C62DF}
		{CE0A1677-BAA3-4643-90B5-722ABC7A6732} = {8D348BF8-0764-4194-A3A5-335FE82C62DF}
		{B681361A-F83F-4169-9503-4954601DB076} = {8D348BF8-0764-4194-A3A5-335FE82C62DF}
		{E563F3D0-46D5-4119-AEB9-F2C720567835} = {238191CF-DF41-44D5-A824-70EF58D03A27}
		{146AEF7F-5E75-400B-BD35-B149D32A84D7} = {E563F3D0-46D5-4119-AEB9-F2C720567835}
	EndGlobalSection
	GlobalSection(ExtensibilityGlobals) = postSolution
		SolutionGuid = {FA213B3C-3D3E-437E-A86D-3FB87D0CE0A3}
	EndGlobalSection
EndGlobal
